
Microsoft Visual Studio Solution File, Format Version 12.00
# Visual Studio Version 16
VisualStudioVersion = 16.0.31005.135
MinimumVisualStudioVersion = 10.0.40219.1
Project("{FAE04EC0-301F-11D3-BF4B-00C04F79EFBC}") = "Hajósteszt", "Hajósteszt\Hajósteszt.csproj", "{01460BF9-C362-4332-8D10-7137AB4304F0}"
EndProject
Global
	GlobalSection(SolutionConfigurationPlatforms) = preSolution
		Debug|Any CPU = Debug|Any CPU
		Release|Any CPU = Release|Any CPU
	EndGlobalSection
	GlobalSection(ProjectConfigurationPlatforms) = postSolution
		{01460BF9-C362-4332-8D10-7137AB4304F0}.Debug|Any CPU.ActiveCfg = Debug|Any CPU
		{01460BF9-C362-4332-8D10-7137AB4304F0}.Debug|Any CPU.Build.0 = Debug|Any CPU
		{01460BF9-C362-4332-8D10-7137AB4304F0}.Release|Any CPU.ActiveCfg = Release|Any CPU
		{01460BF9-C362-4332-8D10-7137AB4304F0}.Release|Any CPU.Build.0 = Release|Any CPU
	EndGlobalSection
	GlobalSection(SolutionProperties) = preSolution
		HideSolutionNode = FALSE
	EndGlobalSection
	GlobalSection(ExtensibilityGlobals) = postSolution
		SolutionGuid = {9D4187FE-AACC-46E0-A776-E89368D30165}
	EndGlobalSection
EndGlobal
